
Microsoft Visual Studio Solution File, Format Version 12.00
# Visual Studio 2013
VisualStudioVersion = 12.0.31101.0
MinimumVisualStudioVersion = 10.0.40219.1
Project("{FAE04EC0-301F-11D3-BF4B-00C04F79EFBC}") = "Lesson14", "Lesson14\Lesson14.csproj", "{D9152897-69CB-4FFB-893D-2366D6AF1B5E}"
EndProject
Project("{FAE04EC0-301F-11D3-BF4B-00C04F79EFBC}") = "Queue", "Queue\Queue.csproj", "{C4266116-96AE-47B2-ACF5-CB742F972B6D}"
EndProject
Project("{FAE04EC0-301F-11D3-BF4B-00C04F79EFBC}") = "Stack", "Stack\Stack.csproj", "{13B2CD2B-0402-4C3E-847E-3FE3BEB93342}"
EndProject
Global
	GlobalSection(SolutionConfigurationPlatforms) = preSolution
		Debug|Any CPU = Debug|Any CPU
		Release|Any CPU = Release|Any CPU
	EndGlobalSection
	GlobalSection(ProjectConfigurationPlatforms) = postSolution
		{D9152897-69CB-4FFB-893D-2366D6AF1B5E}.Debug|Any CPU.ActiveCfg = Debug|Any CPU
		{D9152897-69CB-4FFB-893D-2366D6AF1B5E}.Debug|Any CPU.Build.0 = Debug|Any CPU
		{D9152897-69CB-4FFB-893D-2366D6AF1B5E}.Release|Any CPU.ActiveCfg = Release|Any CPU
		{D9152897-69CB-4FFB-893D-2366D6AF1B5E}.Release|Any CPU.Build.0 = Release|Any CPU
		{C4266116-96AE-47B2-ACF5-CB742F972B6D}.Debug|Any CPU.ActiveCfg = Debug|Any CPU
		{C4266116-96AE-47B2-ACF5-CB742F972B6D}.Debug|Any CPU.Build.0 = Debug|Any CPU
		{C4266116-96AE-47B2-ACF5-CB742F972B6D}.Release|Any CPU.ActiveCfg = Release|Any CPU
		{C4266116-96AE-47B2-ACF5-CB742F972B6D}.Release|Any CPU.Build.0 = Release|Any CPU
		{13B2CD2B-0402-4C3E-847E-3FE3BEB93342}.Debug|Any CPU.ActiveCfg = Debug|Any CPU
		{13B2CD2B-0402-4C3E-847E-3FE3BEB93342}.Debug|Any CPU.Build.0 = Debug|Any CPU
		{13B2CD2B-0402-4C3E-847E-3FE3BEB93342}.Release|Any CPU.ActiveCfg = Release|Any CPU
		{13B2CD2B-0402-4C3E-847E-3FE3BEB93342}.Release|Any CPU.Build.0 = Release|Any CPU
	EndGlobalSection
	GlobalSection(SolutionProperties) = preSolution
		HideSolutionNode = FALSE
	EndGlobalSection
EndGlobal
